// !$*UTF8*$!
{
	archiveVersion = 1;
	classes = {
	};
	objectVersion = 46;
	objects = {

/* Begin PBXBuildFile section */
		1202A4831D176C9600C7E17A /* settings.swift in Sources */ = {isa = PBXBuildFile; fileRef = 1202A4821D176C9600C7E17A /* settings.swift */; };
		123145AB1D402B1E00A19632 /* vidPerson.swift in Sources */ = {isa = PBXBuildFile; fileRef = 123145AA1D402B1E00A19632 /* vidPerson.swift */; };
		123145AD1D41A1EC00A19632 /* ETG.mp4 in Resources */ = {isa = PBXBuildFile; fileRef = 123145AC1D41A1EC00A19632 /* ETG.mp4 */; };
		123145AF1D41A33D00A19632 /* Robin.mp4 in Resources */ = {isa = PBXBuildFile; fileRef = 123145AE1D41A33D00A19632 /* Robin.mp4 */; };
		123145B21D41AB8800A19632 /* Pencil.mp4 in Resources */ = {isa = PBXBuildFile; fileRef = 123145B11D41AB8800A19632 /* Pencil.mp4 */; };
		123145B41D41FC0600A19632 /* Earhoox.mp4 in Resources */ = {isa = PBXBuildFile; fileRef = 123145B31D41FC0600A19632 /* Earhoox.mp4 */; };
		123145B61D41FD1F00A19632 /* Moov.mp4 in Resources */ = {isa = PBXBuildFile; fileRef = 123145B51D41FD1F00A19632 /* Moov.mp4 */; };
		123145B81D45CEBB00A19632 /* SearchViewController.swift in Sources */ = {isa = PBXBuildFile; fileRef = 123145B71D45CEBB00A19632 /* SearchViewController.swift */; };
		123145BA1D45CFF100A19632 /* SettingsViewController.swift in Sources */ = {isa = PBXBuildFile; fileRef = 123145B91D45CFF100A19632 /* SettingsViewController.swift */; };
		123145BD1D45D06E00A19632 /* favorites.storyboard in Resources */ = {isa = PBXBuildFile; fileRef = 123145BB1D45D06E00A19632 /* favorites.storyboard */; };
		123145BF1D45D09F00A19632 /* FavoritesViewController.swift in Sources */ = {isa = PBXBuildFile; fileRef = 123145BE1D45D09F00A19632 /* FavoritesViewController.swift */; };
		123145C21D47F25700A19632 /* Eero.mp4 in Resources */ = {isa = PBXBuildFile; fileRef = 123145C01D47F25700A19632 /* Eero.mp4 */; };
		123145C31D47F25700A19632 /* Stower.mp4 in Resources */ = {isa = PBXBuildFile; fileRef = 123145C11D47F25700A19632 /* Stower.mp4 */; };
		123145CB1D4AA31700A19632 /* FavList.swift in Sources */ = {isa = PBXBuildFile; fileRef = 123145CA1D4AA31700A19632 /* FavList.swift */; };
		123145CD1D4AB9AE00A19632 /* CustomFlowLayout.swift in Sources */ = {isa = PBXBuildFile; fileRef = 123145CC1D4AB9AE00A19632 /* CustomFlowLayout.swift */; };
		123145CF1D4C0ACA00A19632 /* FavoritesView.swift in Sources */ = {isa = PBXBuildFile; fileRef = 123145CE1D4C0ACA00A19632 /* FavoritesView.swift */; };
		123145D21D5130FF00A19632 /* ItemViewController.swift in Sources */ = {isa = PBXBuildFile; fileRef = 123145D11D5130FF00A19632 /* ItemViewController.swift */; };
		123145D41D51310B00A19632 /* ItemView.swift in Sources */ = {isa = PBXBuildFile; fileRef = 123145D31D51310B00A19632 /* ItemView.swift */; };
		123145DA1D51C2DB00A19632 /* Item.swift in Sources */ = {isa = PBXBuildFile; fileRef = 123145D91D51C2DB00A19632 /* Item.swift */; };
		1246A5891D1B54DC00B583B2 /* AppDelegate.swift in Sources */ = {isa = PBXBuildFile; fileRef = 1246A5881D1B54DC00B583B2 /* AppDelegate.swift */; };
		1259E1131D1AF609005B803E /* productRank.storyboard in Resources */ = {isa = PBXBuildFile; fileRef = 1259E1121D1AF609005B803E /* productRank.storyboard */; };
		1259E1181D1AF9AE005B803E /* feed.storyboard in Resources */ = {isa = PBXBuildFile; fileRef = 1259E1171D1AF9AE005B803E /* feed.storyboard */; };
		1259E11D1D1AFAA1005B803E /* settings.storyboard in Resources */ = {isa = PBXBuildFile; fileRef = 1259E11C1D1AFAA1005B803E /* settings.storyboard */; };
		127616801D14CC8200EBCA74 /* Main.storyboard in Resources */ = {isa = PBXBuildFile; fileRef = 1276167E1D14CC8200EBCA74 /* Main.storyboard */; };
		127616821D14CC8200EBCA74 /* Assets.xcassets in Resources */ = {isa = PBXBuildFile; fileRef = 127616811D14CC8200EBCA74 /* Assets.xcassets */; };
		127616851D14CC8200EBCA74 /* LaunchScreen.storyboard in Resources */ = {isa = PBXBuildFile; fileRef = 127616831D14CC8200EBCA74 /* LaunchScreen.storyboard */; };
		127616901D14CC8200EBCA74 /* QuickPitchTests.swift in Sources */ = {isa = PBXBuildFile; fileRef = 1276168F1D14CC8200EBCA74 /* QuickPitchTests.swift */; };
		12806B5F1D1B67D400163666 /* Person.swift in Sources */ = {isa = PBXBuildFile; fileRef = 12806B5B1D1B67D400163666 /* Person.swift */; };
		12806B601D1B67D400163666 /* ChoosePersonViewController.swift in Sources */ = {isa = PBXBuildFile; fileRef = 12806B5C1D1B67D400163666 /* ChoosePersonViewController.swift */; };
		12806B611D1B67D400163666 /* ImageLabelView.swift in Sources */ = {isa = PBXBuildFile; fileRef = 12806B5D1D1B67D400163666 /* ImageLabelView.swift */; };
		12806B621D1B67D400163666 /* ChoosePersonView.swift in Sources */ = {isa = PBXBuildFile; fileRef = 12806B5E1D1B67D400163666 /* ChoosePersonView.swift */; };
		12806B661D1B689400163666 /* Info.plist in Resources */ = {isa = PBXBuildFile; fileRef = 12806B641D1B689400163666 /* Info.plist */; };
		F8CDFD04DAC5CEFE8826D484 /* libPods-QuickPitch.a in Frameworks */ = {isa = PBXBuildFile; fileRef = 3473D317FF05ED73C0A1471F /* libPods-QuickPitch.a */; };
/* End PBXBuildFile section */

/* Begin PBXContainerItemProxy section */
		1276168C1D14CC8200EBCA74 /* PBXContainerItemProxy */ = {
			isa = PBXContainerItemProxy;
			containerPortal = 1276166D1D14CC8200EBCA74 /* Project object */;
			proxyType = 1;
			remoteGlobalIDString = 127616741D14CC8200EBCA74;
			remoteInfo = QuickPitch;
		};
/* End PBXContainerItemProxy section */

/* Begin PBXFileReference section */
		1202A4821D176C9600C7E17A /* settings.swift */ = {isa = PBXFileReference; fileEncoding = 4; lastKnownFileType = sourcecode.swift; name = settings.swift; path = QuickPitch/settings.swift; sourceTree = "<group>"; };
		123145AA1D402B1E00A19632 /* vidPerson.swift */ = {isa = PBXFileReference; fileEncoding = 4; lastKnownFileType = sourcecode.swift; path = vidPerson.swift; sourceTree = "<group>"; };
		123145AC1D41A1EC00A19632 /* ETG.mp4 */ = {isa = PBXFileReference; lastKnownFileType = file; name = ETG.mp4; path = ../../../Downloads/ETG.mp4; sourceTree = "<group>"; };
		123145AE1D41A33D00A19632 /* Robin.mp4 */ = {isa = PBXFileReference; lastKnownFileType = file; name = Robin.mp4; path = ../../../Downloads/Robin.mp4; sourceTree = "<group>"; };
		123145B11D41AB8800A19632 /* Pencil.mp4 */ = {isa = PBXFileReference; lastKnownFileType = file; name = Pencil.mp4; path = ../../../Downloads/Pencil.mp4; sourceTree = "<group>"; };
		123145B31D41FC0600A19632 /* Earhoox.mp4 */ = {isa = PBXFileReference; lastKnownFileType = file; name = Earhoox.mp4; path = ../../../Downloads/Earhoox.mp4; sourceTree = "<group>"; };
		123145B51D41FD1F00A19632 /* Moov.mp4 */ = {isa = PBXFileReference; lastKnownFileType = file; name = Moov.mp4; path = ../../../Downloads/Moov.mp4; sourceTree = "<group>"; };
		123145B71D45CEBB00A19632 /* SearchViewController.swift */ = {isa = PBXFileReference; fileEncoding = 4; lastKnownFileType = sourcecode.swift; path = SearchViewController.swift; sourceTree = "<group>"; };
		123145B91D45CFF100A19632 /* SettingsViewController.swift */ = {isa = PBXFileReference; fileEncoding = 4; lastKnownFileType = sourcecode.swift; path = SettingsViewController.swift; sourceTree = "<group>"; };
		123145BC1D45D06E00A19632 /* Base */ = {isa = PBXFileReference; lastKnownFileType = file.storyboard; name = Base; path = Base.lproj/favorites.storyboard; sourceTree = "<group>"; };
		123145BE1D45D09F00A19632 /* FavoritesViewController.swift */ = {isa = PBXFileReference; fileEncoding = 4; lastKnownFileType = sourcecode.swift; path = FavoritesViewController.swift; sourceTree = "<group>"; };
		123145C01D47F25700A19632 /* Eero.mp4 */ = {isa = PBXFileReference; lastKnownFileType = file; name = Eero.mp4; path = ../../../Downloads/Eero.mp4; sourceTree = "<group>"; };
		123145C11D47F25700A19632 /* Stower.mp4 */ = {isa = PBXFileReference; lastKnownFileType = file; name = Stower.mp4; path = ../../../Downloads/Stower.mp4; sourceTree = "<group>"; };
		123145CA1D4AA31700A19632 /* FavList.swift */ = {isa = PBXFileReference; fileEncoding = 4; lastKnownFileType = sourcecode.swift; path = FavList.swift; sourceTree = "<group>"; };
		123145CC1D4AB9AE00A19632 /* CustomFlowLayout.swift */ = {isa = PBXFileReference; fileEncoding = 4; lastKnownFileType = sourcecode.swift; path = CustomFlowLayout.swift; sourceTree = "<group>"; };
		123145CE1D4C0ACA00A19632 /* FavoritesView.swift */ = {isa = PBXFileReference; fileEncoding = 4; lastKnownFileType = sourcecode.swift; path = FavoritesView.swift; sourceTree = "<group>"; };
		123145D11D5130FF00A19632 /* ItemViewController.swift */ = {isa = PBXFileReference; fileEncoding = 4; lastKnownFileType = sourcecode.swift; path = ItemViewController.swift; sourceTree = "<group>"; };
		123145D31D51310B00A19632 /* ItemView.swift */ = {isa = PBXFileReference; fileEncoding = 4; lastKnownFileType = sourcecode.swift; path = ItemView.swift; sourceTree = "<group>"; };
		123145D91D51C2DB00A19632 /* Item.swift */ = {isa = PBXFileReference; fileEncoding = 4; lastKnownFileType = sourcecode.swift; path = Item.swift; sourceTree = "<group>"; };
		1246A5881D1B54DC00B583B2 /* AppDelegate.swift */ = {isa = PBXFileReference; fileEncoding = 4; lastKnownFileType = sourcecode.swift; name = AppDelegate.swift; path = ../../../../Documents/sampleProjects/MDCSwipeToChoose/Examples/SwiftLikedOrNope/SwiftLikedOrNope/AppDelegate.swift; sourceTree = "<group>"; };
		1259E1121D1AF609005B803E /* productRank.storyboard */ = {isa = PBXFileReference; fileEncoding = 4; lastKnownFileType = file.storyboard; path = productRank.storyboard; sourceTree = "<group>"; };
		1259E1171D1AF9AE005B803E /* feed.storyboard */ = {isa = PBXFileReference; fileEncoding = 4; lastKnownFileType = file.storyboard; path = feed.storyboard; sourceTree = "<group>"; };
		1259E11C1D1AFAA1005B803E /* settings.storyboard */ = {isa = PBXFileReference; fileEncoding = 4; lastKnownFileType = file.storyboard; name = settings.storyboard; path = QuickPitch/settings.storyboard; sourceTree = "<group>"; };
		127616751D14CC8200EBCA74 /* QuickPitch.app */ = {isa = PBXFileReference; explicitFileType = wrapper.application; includeInIndex = 0; path = QuickPitch.app; sourceTree = BUILT_PRODUCTS_DIR; };
		1276167F1D14CC8200EBCA74 /* Base */ = {isa = PBXFileReference; lastKnownFileType = file.storyboard; name = Base; path = Base.lproj/Main.storyboard; sourceTree = "<group>"; };
		127616811D14CC8200EBCA74 /* Assets.xcassets */ = {isa = PBXFileReference; lastKnownFileType = folder.assetcatalog; path = Assets.xcassets; sourceTree = "<group>"; };
		127616841D14CC8200EBCA74 /* Base */ = {isa = PBXFileReference; lastKnownFileType = file.storyboard; name = Base; path = Base.lproj/LaunchScreen.storyboard; sourceTree = "<group>"; };
		127616861D14CC8200EBCA74 /* Info.plist */ = {isa = PBXFileReference; lastKnownFileType = text.plist.xml; path = Info.plist; sourceTree = "<group>"; };
		1276168B1D14CC8200EBCA74 /* QuickPitchTests.xctest */ = {isa = PBXFileReference; explicitFileType = wrapper.cfbundle; includeInIndex = 0; path = QuickPitchTests.xctest; sourceTree = BUILT_PRODUCTS_DIR; };
		1276168F1D14CC8200EBCA74 /* QuickPitchTests.swift */ = {isa = PBXFileReference; lastKnownFileType = sourcecode.swift; path = QuickPitchTests.swift; sourceTree = "<group>"; };
		127616911D14CC8200EBCA74 /* Info.plist */ = {isa = PBXFileReference; lastKnownFileType = text.plist.xml; path = Info.plist; sourceTree = "<group>"; };
		12806B5B1D1B67D400163666 /* Person.swift */ = {isa = PBXFileReference; fileEncoding = 4; lastKnownFileType = sourcecode.swift; name = Person.swift; path = ../../../../Documents/sampleProjects/MDCSwipeToChoose/Examples/SwiftLikedOrNope/SwiftLikedOrNope/Person.swift; sourceTree = "<group>"; };
		12806B5C1D1B67D400163666 /* ChoosePersonViewController.swift */ = {isa = PBXFileReference; fileEncoding = 4; lastKnownFileType = sourcecode.swift; name = ChoosePersonViewController.swift; path = ../../../../Documents/sampleProjects/MDCSwipeToChoose/Examples/SwiftLikedOrNope/SwiftLikedOrNope/ChoosePersonViewController.swift; sourceTree = "<group>"; };
		12806B5D1D1B67D400163666 /* ImageLabelView.swift */ = {isa = PBXFileReference; fileEncoding = 4; lastKnownFileType = sourcecode.swift; name = ImageLabelView.swift; path = ../../../../Documents/sampleProjects/MDCSwipeToChoose/Examples/SwiftLikedOrNope/SwiftLikedOrNope/ImageLabelView.swift; sourceTree = "<group>"; };
		12806B5E1D1B67D400163666 /* ChoosePersonView.swift */ = {isa = PBXFileReference; fileEncoding = 4; lastKnownFileType = sourcecode.swift; name = ChoosePersonView.swift; path = ../../../../Documents/sampleProjects/MDCSwipeToChoose/Examples/SwiftLikedOrNope/SwiftLikedOrNope/ChoosePersonView.swift; sourceTree = "<group>"; };
		12806B631D1B684200163666 /* BridgingHeader.h */ = {isa = PBXFileReference; lastKnownFileType = sourcecode.c.h; name = BridgingHeader.h; path = ../../../../Documents/sampleProjects/MDCSwipeToChoose/Examples/SwiftLikedOrNope/SwiftLikedOrNope/BridgingHeader.h; sourceTree = "<group>"; };
		12806B641D1B689400163666 /* Info.plist */ = {isa = PBXFileReference; fileEncoding = 4; lastKnownFileType = text.plist.xml; path = Info.plist; sourceTree = "<group>"; };
		3473D317FF05ED73C0A1471F /* libPods-QuickPitch.a */ = {isa = PBXFileReference; explicitFileType = archive.ar; includeInIndex = 0; path = "libPods-QuickPitch.a"; sourceTree = BUILT_PRODUCTS_DIR; };
		9C592FA220B03D9E0D71685A /* Pods-QuickPitch.release.xcconfig */ = {isa = PBXFileReference; includeInIndex = 1; lastKnownFileType = text.xcconfig; name = "Pods-QuickPitch.release.xcconfig"; path = "Pods/Target Support Files/Pods-QuickPitch/Pods-QuickPitch.release.xcconfig"; sourceTree = "<group>"; };
		AF3C7B907740BAE1C6B4B8C5 /* Pods-QuickPitch.debug.xcconfig */ = {isa = PBXFileReference; includeInIndex = 1; lastKnownFileType = text.xcconfig; name = "Pods-QuickPitch.debug.xcconfig"; path = "Pods/Target Support Files/Pods-QuickPitch/Pods-QuickPitch.debug.xcconfig"; sourceTree = "<group>"; };
/* End PBXFileReference section */

/* Begin PBXFrameworksBuildPhase section */
		127616721D14CC8200EBCA74 /* Frameworks */ = {
			isa = PBXFrameworksBuildPhase;
			buildActionMask = 2147483647;
			files = (
				F8CDFD04DAC5CEFE8826D484 /* libPods-QuickPitch.a in Frameworks */,
			);
			runOnlyForDeploymentPostprocessing = 0;
		};
		127616881D14CC8200EBCA74 /* Frameworks */ = {
			isa = PBXFrameworksBuildPhase;
			buildActionMask = 2147483647;
			files = (
			);
			runOnlyForDeploymentPostprocessing = 0;
		};
/* End PBXFrameworksBuildPhase section */

/* Begin PBXGroup section */
		1202A46D1D176AF500C7E17A /* searchTab */ = {
			isa = PBXGroup;
			children = (
				1259E1121D1AF609005B803E /* productRank.storyboard */,
				123145B71D45CEBB00A19632 /* SearchViewController.swift */,
			);
			name = searchTab;
			sourceTree = "<group>";
		};
		1202A46E1D176B1500C7E17A /* MAIN */ = {
			isa = PBXGroup;
			children = (
				1246A5881D1B54DC00B583B2 /* AppDelegate.swift */,
				1276167E1D14CC8200EBCA74 /* Main.storyboard */,
			);
			name = MAIN;
			sourceTree = "<group>";
		};
		1202A4751D176B8A00C7E17A /* exploreTab */ = {
			isa = PBXGroup;
			children = (
				12806B631D1B684200163666 /* BridgingHeader.h */,
				12806B5B1D1B67D400163666 /* Person.swift */,
				123145AA1D402B1E00A19632 /* vidPerson.swift */,
				12806B5C1D1B67D400163666 /* ChoosePersonViewController.swift */,
				12806B5D1D1B67D400163666 /* ImageLabelView.swift */,
				12806B5E1D1B67D400163666 /* ChoosePersonView.swift */,
				1259E1171D1AF9AE005B803E /* feed.storyboard */,
			);
			name = exploreTab;
			sourceTree = "<group>";
		};
		1202A47A1D176C2C00C7E17A /* favoritesTab */ = {
			isa = PBXGroup;
			children = (
				123145D01D50282600A19632 /* ItemInfo */,
				123145BB1D45D06E00A19632 /* favorites.storyboard */,
				123145BE1D45D09F00A19632 /* FavoritesViewController.swift */,
				123145CE1D4C0ACA00A19632 /* FavoritesView.swift */,
				123145CC1D4AB9AE00A19632 /* CustomFlowLayout.swift */,
				123145CA1D4AA31700A19632 /* FavList.swift */,
			);
			name = favoritesTab;
			sourceTree = "<group>";
		};
		1202A4841D176CA300C7E17A /* settingsTab */ = {
			isa = PBXGroup;
			children = (
				1202A4821D176C9600C7E17A /* settings.swift */,
				1259E11C1D1AFAA1005B803E /* settings.storyboard */,
				123145B91D45CFF100A19632 /* SettingsViewController.swift */,
			);
			name = settingsTab;
			path = ..;
			sourceTree = "<group>";
		};
		123145B01D41A34400A19632 /* Video Demos */ = {
			isa = PBXGroup;
			children = (
				123145C01D47F25700A19632 /* Eero.mp4 */,
				123145C11D47F25700A19632 /* Stower.mp4 */,
				123145B51D41FD1F00A19632 /* Moov.mp4 */,
				123145B31D41FC0600A19632 /* Earhoox.mp4 */,
				123145B11D41AB8800A19632 /* Pencil.mp4 */,
				123145AC1D41A1EC00A19632 /* ETG.mp4 */,
				123145AE1D41A33D00A19632 /* Robin.mp4 */,
			);
			name = "Video Demos";
			sourceTree = "<group>";
		};
		123145D01D50282600A19632 /* ItemInfo */ = {
			isa = PBXGroup;
			children = (
				123145D91D51C2DB00A19632 /* Item.swift */,
				123145D11D5130FF00A19632 /* ItemViewController.swift */,
				123145D31D51310B00A19632 /* ItemView.swift */,
			);
			name = ItemInfo;
			sourceTree = "<group>";
		};
		1276166C1D14CC8200EBCA74 = {
			isa = PBXGroup;
			children = (
				123145B01D41A34400A19632 /* Video Demos */,
				127616771D14CC8200EBCA74 /* QuickPitch */,
				1276168E1D14CC8200EBCA74 /* QuickPitchTests */,
				127616761D14CC8200EBCA74 /* Products */,
				88D6FE2072C5141B72ACA1FC /* Pods */,
				4320DF49734A003AE0AEF2BB /* Frameworks */,
			);
			sourceTree = "<group>";
		};
		127616761D14CC8200EBCA74 /* Products */ = {
			isa = PBXGroup;
			children = (
				127616751D14CC8200EBCA74 /* QuickPitch.app */,
				1276168B1D14CC8200EBCA74 /* QuickPitchTests.xctest */,
			);
			name = Products;
			sourceTree = "<group>";
		};
		127616771D14CC8200EBCA74 /* QuickPitch */ = {
			isa = PBXGroup;
			children = (
				12806B651D1B689400163666 /* Supporting Files */,
				1202A46E1D176B1500C7E17A /* MAIN */,
				1202A46D1D176AF500C7E17A /* searchTab */,
				1202A47A1D176C2C00C7E17A /* favoritesTab */,
				1202A4751D176B8A00C7E17A /* exploreTab */,
				1202A4841D176CA300C7E17A /* settingsTab */,
				127616811D14CC8200EBCA74 /* Assets.xcassets */,
				127616831D14CC8200EBCA74 /* LaunchScreen.storyboard */,
				127616861D14CC8200EBCA74 /* Info.plist */,
			);
			path = QuickPitch;
			sourceTree = "<group>";
		};
		1276168E1D14CC8200EBCA74 /* QuickPitchTests */ = {
			isa = PBXGroup;
			children = (
				1276168F1D14CC8200EBCA74 /* QuickPitchTests.swift */,
				127616911D14CC8200EBCA74 /* Info.plist */,
			);
			path = QuickPitchTests;
			sourceTree = SOURCE_ROOT;
		};
		12806B651D1B689400163666 /* Supporting Files */ = {
			isa = PBXGroup;
			children = (
				12806B641D1B689400163666 /* Info.plist */,
			);
			name = "Supporting Files";
			path = ../../../../Documents/sampleProjects/MDCSwipeToChoose/Examples/SwiftLikedOrNope/SwiftLikedOrNope;
			sourceTree = "<group>";
		};
		4320DF49734A003AE0AEF2BB /* Frameworks */ = {
			isa = PBXGroup;
			children = (
				3473D317FF05ED73C0A1471F /* libPods-QuickPitch.a */,
			);
			name = Frameworks;
			sourceTree = "<group>";
		};
		88D6FE2072C5141B72ACA1FC /* Pods */ = {
			isa = PBXGroup;
			children = (
				AF3C7B907740BAE1C6B4B8C5 /* Pods-QuickPitch.debug.xcconfig */,
				9C592FA220B03D9E0D71685A /* Pods-QuickPitch.release.xcconfig */,
			);
			name = Pods;
			sourceTree = "<group>";
		};
/* End PBXGroup section */

/* Begin PBXNativeTarget section */
		127616741D14CC8200EBCA74 /* QuickPitch */ = {
			isa = PBXNativeTarget;
			buildConfigurationList = 127616941D14CC8200EBCA74 /* Build configuration list for PBXNativeTarget "QuickPitch" */;
			buildPhases = (
				E2AE12B160E33E6DDC142BDB /* [CP] Check Pods Manifest.lock */,
				127616711D14CC8200EBCA74 /* Sources */,
				127616721D14CC8200EBCA74 /* Frameworks */,
				127616731D14CC8200EBCA74 /* Resources */,
				157D73866CCC7BA04AE30EE4 /* [CP] Embed Pods Frameworks */,
				905E6D51AAEF52D69B61E585 /* [CP] Copy Pods Resources */,
			);
			buildRules = (
			);
			dependencies = (
			);
			name = QuickPitch;
			productName = QuickPitch;
			productReference = 127616751D14CC8200EBCA74 /* QuickPitch.app */;
			productType = "com.apple.product-type.application";
		};
		1276168A1D14CC8200EBCA74 /* QuickPitchTests */ = {
			isa = PBXNativeTarget;
			buildConfigurationList = 127616971D14CC8200EBCA74 /* Build configuration list for PBXNativeTarget "QuickPitchTests" */;
			buildPhases = (
				127616871D14CC8200EBCA74 /* Sources */,
				127616881D14CC8200EBCA74 /* Frameworks */,
				127616891D14CC8200EBCA74 /* Resources */,
			);
			buildRules = (
			);
			dependencies = (
				1276168D1D14CC8200EBCA74 /* PBXTargetDependency */,
			);
			name = QuickPitchTests;
			productName = QuickPitchTests;
			productReference = 1276168B1D14CC8200EBCA74 /* QuickPitchTests.xctest */;
			productType = "com.apple.product-type.bundle.unit-test";
		};
/* End PBXNativeTarget section */

/* Begin PBXProject section */
		1276166D1D14CC8200EBCA74 /* Project object */ = {
			isa = PBXProject;
			attributes = {
				LastSwiftUpdateCheck = 0730;
				LastUpgradeCheck = 0730;
				ORGANIZATIONNAME = QuickPitch;
				TargetAttributes = {
					127616741D14CC8200EBCA74 = {
						CreatedOnToolsVersion = 7.3.1;
						DevelopmentTeam = GYVHW4RX2S;
					};
					1276168A1D14CC8200EBCA74 = {
						CreatedOnToolsVersion = 7.3.1;
						DevelopmentTeam = GYVHW4RX2S;
						TestTargetID = 127616741D14CC8200EBCA74;
					};
				};
			};
			buildConfigurationList = 127616701D14CC8200EBCA74 /* Build configuration list for PBXProject "QuickPitch" */;
			compatibilityVersion = "Xcode 3.2";
			developmentRegion = English;
			hasScannedForEncodings = 0;
			knownRegions = (
				en,
				Base,
			);
			mainGroup = 1276166C1D14CC8200EBCA74;
			productRefGroup = 127616761D14CC8200EBCA74 /* Products */;
			projectDirPath = "";
			projectRoot = "";
			targets = (
				127616741D14CC8200EBCA74 /* QuickPitch */,
				1276168A1D14CC8200EBCA74 /* QuickPitchTests */,
			);
		};
/* End PBXProject section */

/* Begin PBXResourcesBuildPhase section */
		127616731D14CC8200EBCA74 /* Resources */ = {
			isa = PBXResourcesBuildPhase;
			buildActionMask = 2147483647;
			files = (
				123145C21D47F25700A19632 /* Eero.mp4 in Resources */,
				123145C31D47F25700A19632 /* Stower.mp4 in Resources */,
				123145B61D41FD1F00A19632 /* Moov.mp4 in Resources */,
				123145B41D41FC0600A19632 /* Earhoox.mp4 in Resources */,
				123145B21D41AB8800A19632 /* Pencil.mp4 in Resources */,
				123145AF1D41A33D00A19632 /* Robin.mp4 in Resources */,
				123145AD1D41A1EC00A19632 /* ETG.mp4 in Resources */,
				1259E1181D1AF9AE005B803E /* feed.storyboard in Resources */,
				127616851D14CC8200EBCA74 /* LaunchScreen.storyboard in Resources */,
				12806B661D1B689400163666 /* Info.plist in Resources */,
				123145BD1D45D06E00A19632 /* favorites.storyboard in Resources */,
				127616821D14CC8200EBCA74 /* Assets.xcassets in Resources */,
				1259E11D1D1AFAA1005B803E /* settings.storyboard in Resources */,
				1259E1131D1AF609005B803E /* productRank.storyboard in Resources */,
				127616801D14CC8200EBCA74 /* Main.storyboard in Resources */,
			);
			runOnlyForDeploymentPostprocessing = 0;
		};
		127616891D14CC8200EBCA74 /* Resources */ = {
			isa = PBXResourcesBuildPhase;
			buildActionMask = 2147483647;
			files = (
			);
			runOnlyForDeploymentPostprocessing = 0;
		};
/* End PBXResourcesBuildPhase section */

/* Begin PBXShellScriptBuildPhase section */
		157D73866CCC7BA04AE30EE4 /* [CP] Embed Pods Frameworks */ = {
			isa = PBXShellScriptBuildPhase;
			buildActionMask = 2147483647;
			files = (
			);
			inputPaths = (
			);
			name = "[CP] Embed Pods Frameworks";
			outputPaths = (
			);
			runOnlyForDeploymentPostprocessing = 0;
			shellPath = /bin/sh;
			shellScript = "\"${SRCROOT}/Pods/Target Support Files/Pods-QuickPitch/Pods-QuickPitch-frameworks.sh\"\n";
			showEnvVarsInLog = 0;
		};
		905E6D51AAEF52D69B61E585 /* [CP] Copy Pods Resources */ = {
			isa = PBXShellScriptBuildPhase;
			buildActionMask = 2147483647;
			files = (
			);
			inputPaths = (
			);
			name = "[CP] Copy Pods Resources";
			outputPaths = (
			);
			runOnlyForDeploymentPostprocessing = 0;
			shellPath = /bin/sh;
			shellScript = "\"${SRCROOT}/Pods/Target Support Files/Pods-QuickPitch/Pods-QuickPitch-resources.sh\"\n";
			showEnvVarsInLog = 0;
		};
		E2AE12B160E33E6DDC142BDB /* [CP] Check Pods Manifest.lock */ = {
			isa = PBXShellScriptBuildPhase;
			buildActionMask = 2147483647;
			files = (
			);
			inputPaths = (
			);
			name = "[CP] Check Pods Manifest.lock";
			outputPaths = (
			);
			runOnlyForDeploymentPostprocessing = 0;
			shellPath = /bin/sh;
			shellScript = "diff \"${PODS_ROOT}/../Podfile.lock\" \"${PODS_ROOT}/Manifest.lock\" > /dev/null\nif [[ $? != 0 ]] ; then\n    cat << EOM\nerror: The sandbox is not in sync with the Podfile.lock. Run 'pod install' or update your CocoaPods installation.\nEOM\n    exit 1\nfi\n";
			showEnvVarsInLog = 0;
		};
/* End PBXShellScriptBuildPhase section */

/* Begin PBXSourcesBuildPhase section */
		127616711D14CC8200EBCA74 /* Sources */ = {
			isa = PBXSourcesBuildPhase;
			buildActionMask = 2147483647;
			files = (
				12806B5F1D1B67D400163666 /* Person.swift in Sources */,
				123145CB1D4AA31700A19632 /* FavList.swift in Sources */,
				123145CF1D4C0ACA00A19632 /* FavoritesView.swift in Sources */,
				1246A5891D1B54DC00B583B2 /* AppDelegate.swift in Sources */,
				123145DA1D51C2DB00A19632 /* Item.swift in Sources */,
				12806B601D1B67D400163666 /* ChoosePersonViewController.swift in Sources */,
				123145B81D45CEBB00A19632 /* SearchViewController.swift in Sources */,
				12806B611D1B67D400163666 /* ImageLabelView.swift in Sources */,
				123145D21D5130FF00A19632 /* ItemViewController.swift in Sources */,
				123145AB1D402B1E00A19632 /* vidPerson.swift in Sources */,
				12806B621D1B67D400163666 /* ChoosePersonView.swift in Sources */,
				1202A4831D176C9600C7E17A /* settings.swift in Sources */,
				123145BF1D45D09F00A19632 /* FavoritesViewController.swift in Sources */,
				123145CD1D4AB9AE00A19632 /* CustomFlowLayout.swift in Sources */,
				123145D41D51310B00A19632 /* ItemView.swift in Sources */,
				123145BA1D45CFF100A19632 /* SettingsViewController.swift in Sources */,
			);
			runOnlyForDeploymentPostprocessing = 0;
		};
		127616871D14CC8200EBCA74 /* Sources */ = {
			isa = PBXSourcesBuildPhase;
			buildActionMask = 2147483647;
			files = (
				127616901D14CC8200EBCA74 /* QuickPitchTests.swift in Sources */,
			);
			runOnlyForDeploymentPostprocessing = 0;
		};
/* End PBXSourcesBuildPhase section */

/* Begin PBXTargetDependency section */
		1276168D1D14CC8200EBCA74 /* PBXTargetDependency */ = {
			isa = PBXTargetDependency;
			target = 127616741D14CC8200EBCA74 /* QuickPitch */;
			targetProxy = 1276168C1D14CC8200EBCA74 /* PBXContainerItemProxy */;
		};
/* End PBXTargetDependency section */

/* Begin PBXVariantGroup section */
		123145BB1D45D06E00A19632 /* favorites.storyboard */ = {
			isa = PBXVariantGroup;
			children = (
				123145BC1D45D06E00A19632 /* Base */,
			);
			name = favorites.storyboard;
			sourceTree = "<group>";
		};
		1276167E1D14CC8200EBCA74 /* Main.storyboard */ = {
			isa = PBXVariantGroup;
			children = (
				1276167F1D14CC8200EBCA74 /* Base */,
			);
			name = Main.storyboard;
			sourceTree = "<group>";
		};
		127616831D14CC8200EBCA74 /* LaunchScreen.storyboard */ = {
			isa = PBXVariantGroup;
			children = (
				127616841D14CC8200EBCA74 /* Base */,
			);
			name = LaunchScreen.storyboard;
			sourceTree = "<group>";
		};
/* End PBXVariantGroup section */

/* Begin XCBuildConfiguration section */
		127616921D14CC8200EBCA74 /* Debug */ = {
			isa = XCBuildConfiguration;
			buildSettings = {
				ALWAYS_SEARCH_USER_PATHS = NO;
				CLANG_ANALYZER_NONNULL = YES;
				CLANG_CXX_LANGUAGE_STANDARD = "gnu++0x";
				CLANG_CXX_LIBRARY = "libc++";
				CLANG_ENABLE_MODULES = YES;
				CLANG_ENABLE_OBJC_ARC = YES;
				CLANG_WARN_BOOL_CONVERSION = YES;
				CLANG_WARN_CONSTANT_CONVERSION = YES;
				CLANG_WARN_DIRECT_OBJC_ISA_USAGE = YES_ERROR;
				CLANG_WARN_EMPTY_BODY = YES;
				CLANG_WARN_ENUM_CONVERSION = YES;
				CLANG_WARN_INT_CONVERSION = YES;
				CLANG_WARN_OBJC_ROOT_CLASS = YES_ERROR;
				CLANG_WARN_UNREACHABLE_CODE = YES;
				CLANG_WARN__DUPLICATE_METHOD_MATCH = YES;
				"CODE_SIGN_IDENTITY[sdk=iphoneos*]" = "iPhone Developer";
				COPY_PHASE_STRIP = NO;
				DEBUG_INFORMATION_FORMAT = dwarf;
				ENABLE_STRICT_OBJC_MSGSEND = YES;
				ENABLE_TESTABILITY = YES;
				GCC_C_LANGUAGE_STANDARD = gnu99;
				GCC_DYNAMIC_NO_PIC = NO;
				GCC_NO_COMMON_BLOCKS = YES;
				GCC_OPTIMIZATION_LEVEL = 0;
				GCC_PREPROCESSOR_DEFINITIONS = (
					"DEBUG=1",
					"$(inherited)",
				);
				GCC_WARN_64_TO_32_BIT_CONVERSION = YES;
				GCC_WARN_ABOUT_RETURN_TYPE = YES_ERROR;
				GCC_WARN_UNDECLARED_SELECTOR = YES;
				GCC_WARN_UNINITIALIZED_AUTOS = YES_AGGRESSIVE;
				GCC_WARN_UNUSED_FUNCTION = YES;
				GCC_WARN_UNUSED_VARIABLE = YES;
				IPHONEOS_DEPLOYMENT_TARGET = 9.3;
				MTL_ENABLE_DEBUG_INFO = YES;
				ONLY_ACTIVE_ARCH = YES;
				SDKROOT = iphoneos;
				SWIFT_OPTIMIZATION_LEVEL = "-Onone";
			};
			name = Debug;
		};
		127616931D14CC8200EBCA74 /* Release */ = {
			isa = XCBuildConfiguration;
			buildSettings = {
				ALWAYS_SEARCH_USER_PATHS = NO;
				CLANG_ANALYZER_NONNULL = YES;
				CLANG_CXX_LANGUAGE_STANDARD = "gnu++0x";
				CLANG_CXX_LIBRARY = "libc++";
				CLANG_ENABLE_MODULES = YES;
				CLANG_ENABLE_OBJC_ARC = YES;
				CLANG_WARN_BOOL_CONVERSION = YES;
				CLANG_WARN_CONSTANT_CONVERSION = YES;
				CLANG_WARN_DIRECT_OBJC_ISA_USAGE = YES_ERROR;
				CLANG_WARN_EMPTY_BODY = YES;
				CLANG_WARN_ENUM_CONVERSION = YES;
				CLANG_WARN_INT_CONVERSION = YES;
				CLANG_WARN_OBJC_ROOT_CLASS = YES_ERROR;
				CLANG_WARN_UNREACHABLE_CODE = YES;
				CLANG_WARN__DUPLICATE_METHOD_MATCH = YES;
				"CODE_SIGN_IDENTITY[sdk=iphoneos*]" = "iPhone Developer";
				COPY_PHASE_STRIP = NO;
				DEBUG_INFORMATION_FORMAT = "dwarf-with-dsym";
				ENABLE_NS_ASSERTIONS = NO;
				ENABLE_STRICT_OBJC_MSGSEND = YES;
				GCC_C_LANGUAGE_STANDARD = gnu99;
				GCC_NO_COMMON_BLOCKS = YES;
				GCC_WARN_64_TO_32_BIT_CONVERSION = YES;
				GCC_WARN_ABOUT_RETURN_TYPE = YES_ERROR;
				GCC_WARN_UNDECLARED_SELECTOR = YES;
				GCC_WARN_UNINITIALIZED_AUTOS = YES_AGGRESSIVE;
				GCC_WARN_UNUSED_FUNCTION = YES;
				GCC_WARN_UNUSED_VARIABLE = YES;
				IPHONEOS_DEPLOYMENT_TARGET = 9.3;
				MTL_ENABLE_DEBUG_INFO = NO;
				SDKROOT = iphoneos;
				VALIDATE_PRODUCT = YES;
			};
			name = Release;
		};
		127616951D14CC8200EBCA74 /* Debug */ = {
			isa = XCBuildConfiguration;
			baseConfigurationReference = AF3C7B907740BAE1C6B4B8C5 /* Pods-QuickPitch.debug.xcconfig */;
			buildSettings = {
				ASSETCATALOG_COMPILER_APPICON_NAME = AppIcon;
				CODE_SIGN_IDENTITY = "iPhone Developer";
				INFOPLIST_FILE = QuickPitch/Info.plist;
				LD_RUNPATH_SEARCH_PATHS = "$(inherited) @executable_path/Frameworks";
				PRODUCT_BUNDLE_IDENTIFIER = QuickPitch.QuickPitch;
				PRODUCT_NAME = "$(TARGET_NAME)";
				SWIFT_OBJC_BRIDGING_HEADER = QuickPitch/BridgingHeader.h;
			};
			name = Debug;
		};
		127616961D14CC8200EBCA74 /* Release */ = {
			isa = XCBuildConfiguration;
			baseConfigurationReference = 9C592FA220B03D9E0D71685A /* Pods-QuickPitch.release.xcconfig */;
			buildSettings = {
				ASSETCATALOG_COMPILER_APPICON_NAME = AppIcon;
				CODE_SIGN_IDENTITY = "iPhone Developer";
				INFOPLIST_FILE = QuickPitch/Info.plist;
				LD_RUNPATH_SEARCH_PATHS = "$(inherited) @executable_path/Frameworks";
				PRODUCT_BUNDLE_IDENTIFIER = QuickPitch.QuickPitch;
				PRODUCT_NAME = "$(TARGET_NAME)";
				SWIFT_OBJC_BRIDGING_HEADER = QuickPitch/BridgingHeader.h;
			};
			name = Release;
		};
		127616981D14CC8200EBCA74 /* Debug */ = {
			isa = XCBuildConfiguration;
			buildSettings = {
				BUNDLE_LOADER = "$(TEST_HOST)";
				INFOPLIST_FILE = QuickPitchTests/Info.plist;
				LD_RUNPATH_SEARCH_PATHS = "$(inherited) @executable_path/Frameworks @loader_path/Frameworks";
				PRODUCT_BUNDLE_IDENTIFIER = com.example.QuickPitchTests;
				PRODUCT_NAME = "$(TARGET_NAME)";
				TEST_HOST = "$(BUILT_PRODUCTS_DIR)/QuickPitch.app/QuickPitch";
			};
			name = Debug;
		};
		127616991D14CC8200EBCA74 /* Release */ = {
			isa = XCBuildConfiguration;
			buildSettings = {
				BUNDLE_LOADER = "$(TEST_HOST)";
				INFOPLIST_FILE = QuickPitchTests/Info.plist;
				LD_RUNPATH_SEARCH_PATHS = "$(inherited) @executable_path/Frameworks @loader_path/Frameworks";
				PRODUCT_BUNDLE_IDENTIFIER = com.example.QuickPitchTests;
				PRODUCT_NAME = "$(TARGET_NAME)";
				TEST_HOST = "$(BUILT_PRODUCTS_DIR)/QuickPitch.app/QuickPitch";
			};
			name = Release;
		};
/* End XCBuildConfiguration section */

/* Begin XCConfigurationList section */
		127616701D14CC8200EBCA74 /* Build configuration list for PBXProject "QuickPitch" */ = {
			isa = XCConfigurationList;
			buildConfigurations = (
				127616921D14CC8200EBCA74 /* Debug */,
				127616931D14CC8200EBCA74 /* Release */,
			);
			defaultConfigurationIsVisible = 0;
			defaultConfigurationName = Release;
		};
		127616941D14CC8200EBCA74 /* Build configuration list for PBXNativeTarget "QuickPitch" */ = {
			isa = XCConfigurationList;
			buildConfigurations = (
				127616951D14CC8200EBCA74 /* Debug */,
				127616961D14CC8200EBCA74 /* Release */,
			);
			defaultConfigurationIsVisible = 0;
			defaultConfigurationName = Release;
		};
		127616971D14CC8200EBCA74 /* Build configuration list for PBXNativeTarget "QuickPitchTests" */ = {
			isa = XCConfigurationList;
			buildConfigurations = (
				127616981D14CC8200EBCA74 /* Debug */,
				127616991D14CC8200EBCA74 /* Release */,
			);
			defaultConfigurationIsVisible = 0;
			defaultConfigurationName = Release;
		};
/* End XCConfigurationList section */
	};
	rootObject = 1276166D1D14CC8200EBCA74 /* Project object */;
}
